{
  "name": "ajx-node",
  "version": "1.0.0",
  "lockfileVersion": 3,
  "requires": true,
  "packages": {
    "": {
      "name": "ajx-node",
      "version": "1.0.0",
      "license": "ISC",
      "dependencies": {
        "@nikitasb01/ajs": "^1.0.0"
      }
    },
    "node_modules/@nikitasb01/ajs": {
      "version": "1.0.0",
      "resolved": "https://npm.pkg.github.com/download/@nikitasb01/ajs/1.0.0/9bd6736b2ee3a261ccef8579a304660ee69523c5",
      "integrity": "sha512-lVFf7bHB5CaDtYa7NFnoPOeb0rN84VpoMWRuWV99CYnIXKaqcPxn5FBujcc3j8mnD3aRDfcm/TViX3KkyKQS9Q==",
      "license": "ISC"
    }
  }
}
